
Microsoft Visual Studio Solution File, Format Version 12.00
# Visual Studio Version 16
VisualStudioVersion = 16.0.30907.101
MinimumVisualStudioVersion = 10.0.40219.1
Project("{FAE04EC0-301F-11D3-BF4B-00C04F79EFBC}") = "Type2", "Type2\Type2.csproj", "{31528E91-4930-4898-A0E2-E2D092267C72}"
EndProject
Global
	GlobalSection(SolutionConfigurationPlatforms) = preSolution
		Debug|Any CPU = Debug|Any CPU
		Release|Any CPU = Release|Any CPU
	EndGlobalSection
	GlobalSection(ProjectConfigurationPlatforms) = postSolution
		{31528E91-4930-4898-A0E2-E2D092267C72}.Debug|Any CPU.ActiveCfg = Debug|Any CPU
		{31528E91-4930-4898-A0E2-E2D092267C72}.Debug|Any CPU.Build.0 = Debug|Any CPU
		{31528E91-4930-4898-A0E2-E2D092267C72}.Release|Any CPU.ActiveCfg = Release|Any CPU
		{31528E91-4930-4898-A0E2-E2D092267C72}.Release|Any CPU.Build.0 = Release|Any CPU
	EndGlobalSection
	GlobalSection(SolutionProperties) = preSolution
		HideSolutionNode = FALSE
	EndGlobalSection
	GlobalSection(ExtensibilityGlobals) = postSolution
		SolutionGuid = {D1F7E2BC-3599-4819-A122-1BB017475A97}
	EndGlobalSection
EndGlobal
